
Microsoft Visual Studio Solution File, Format Version 12.00
# Visual Studio 2013
VisualStudioVersion = 12.0.31101.0
MinimumVisualStudioVersion = 10.0.40219.1
Project("{FAE04EC0-301F-11D3-BF4B-00C04F79EFBC}") = "Gymnasiearbete_PuzzleRPG", "Gymnasiearbete_PuzzleRPG\Gymnasiearbete_PuzzleRPG\Gymnasiearbete_PuzzleRPG.csproj", "{5BE3C1FD-995F-4438-8701-0835B6C556CB}"
EndProject
Project("{96E2B04D-8817-42C6-938A-82C39BA4D311}") = "Gymnasiearbete_PuzzleRPGContent", "Gymnasiearbete_PuzzleRPG\Gymnasiearbete_PuzzleRPGContent\Gymnasiearbete_PuzzleRPGContent.contentproj", "{1F435C62-835D-4BB1-A291-3815E8741D28}"
EndProject
Global
	GlobalSection(SolutionConfigurationPlatforms) = preSolution
		Debug|x86 = Debug|x86
		Release|x86 = Release|x86
	EndGlobalSection
	GlobalSection(ProjectConfigurationPlatforms) = postSolution
		{5BE3C1FD-995F-4438-8701-0835B6C556CB}.Debug|x86.ActiveCfg = Debug|x86
		{5BE3C1FD-995F-4438-8701-0835B6C556CB}.Debug|x86.Build.0 = Debug|x86
		{5BE3C1FD-995F-4438-8701-0835B6C556CB}.Release|x86.ActiveCfg = Release|x86
		{5BE3C1FD-995F-4438-8701-0835B6C556CB}.Release|x86.Build.0 = Release|x86
		{1F435C62-835D-4BB1-A291-3815E8741D28}.Debug|x86.ActiveCfg = Debug|x86
		{1F435C62-835D-4BB1-A291-3815E8741D28}.Release|x86.ActiveCfg = Release|x86
	EndGlobalSection
	GlobalSection(SolutionProperties) = preSolution
		HideSolutionNode = FALSE
	EndGlobalSection
EndGlobal
